
Microsoft Visual Studio Solution File, Format Version 12.00
# Visual Studio Version 17
VisualStudioVersion = 17.0.32112.339
MinimumVisualStudioVersion = 10.0.40219.1
Project("{FAE04EC0-301F-11D3-BF4B-00C04F79EFBC}") = "Async_await", "Async_await\Async_await.csproj", "{2B01BC64-8EA6-45FA-BCD9-C73CD44B480B}"
EndProject
Global
	GlobalSection(SolutionConfigurationPlatforms) = preSolution
		Debug|Any CPU = Debug|Any CPU
		Release|Any CPU = Release|Any CPU
	EndGlobalSection
	GlobalSection(ProjectConfigurationPlatforms) = postSolution
		{2B01BC64-8EA6-45FA-BCD9-C73CD44B480B}.Debug|Any CPU.ActiveCfg = Debug|Any CPU
		{2B01BC64-8EA6-45FA-BCD9-C73CD44B480B}.Debug|Any CPU.Build.0 = Debug|Any CPU
		{2B01BC64-8EA6-45FA-BCD9-C73CD44B480B}.Release|Any CPU.ActiveCfg = Release|Any CPU
		{2B01BC64-8EA6-45FA-BCD9-C73CD44B480B}.Release|Any CPU.Build.0 = Release|Any CPU
	EndGlobalSection
	GlobalSection(SolutionProperties) = preSolution
		HideSolutionNode = FALSE
	EndGlobalSection
	GlobalSection(ExtensibilityGlobals) = postSolution
		SolutionGuid = {5918A46E-16D6-42BE-AB2A-16BA655AA8FD}
	EndGlobalSection
EndGlobal
